
Microsoft Visual Studio Solution File, Format Version 12.00
# Visual Studio Version 17
VisualStudioVersion = 17.2.32630.192
MinimumVisualStudioVersion = 10.0.40219.1
Project("{9A19103F-16F7-4668-BE54-9A1E7A4F7556}") = "DOT-NET-WEB-CI-CD", "DOT-NET-WEB-CI-CD.csproj", "{8A55C74E-3488-4A4F-A644-9183FCDBEBCE}"
EndProject
Global
	GlobalSection(SolutionConfigurationPlatforms) = preSolution
		Debug|Any CPU = Debug|Any CPU
		Release|Any CPU = Release|Any CPU
	EndGlobalSection
	GlobalSection(ProjectConfigurationPlatforms) = postSolution
		{8A55C74E-3488-4A4F-A644-9183FCDBEBCE}.Debug|Any CPU.ActiveCfg = Debug|Any CPU
		{8A55C74E-3488-4A4F-A644-9183FCDBEBCE}.Debug|Any CPU.Build.0 = Debug|Any CPU
		{8A55C74E-3488-4A4F-A644-9183FCDBEBCE}.Release|Any CPU.ActiveCfg = Release|Any CPU
		{8A55C74E-3488-4A4F-A644-9183FCDBEBCE}.Release|Any CPU.Build.0 = Release|Any CPU
	EndGlobalSection
	GlobalSection(SolutionProperties) = preSolution
		HideSolutionNode = FALSE
	EndGlobalSection
	GlobalSection(ExtensibilityGlobals) = postSolution
		SolutionGuid = {A9830F3A-0F3B-46FE-BB4D-FD6CE8551D5D}
	EndGlobalSection
EndGlobal
